
Microsoft Visual Studio Solution File, Format Version 12.00
# Visual Studio Version 17
VisualStudioVersion = 17.13.35919.96 d17.13
MinimumVisualStudioVersion = 10.0.40219.1
Project("{54A90642-561A-4BB1-A94E-469ADEE60C69}") = "calculatorapi.client", "calculatorapi.client\calculatorapi.client.esproj", "{275CF56A-8E60-CF07-0806-5EA3FE703BB7}"
EndProject
Project("{FAE04EC0-301F-11D3-BF4B-00C04F79EFBC}") = "CalculatorAPI.Server", "CalculatorAPI.Server\CalculatorAPI.Server.csproj", "{ADFF5036-57D4-4254-BFDB-1AC763E63338}"
EndProject
Global
	GlobalSection(SolutionConfigurationPlatforms) = preSolution
		Debug|Any CPU = Debug|Any CPU
		Release|Any CPU = Release|Any CPU
	EndGlobalSection
	GlobalSection(ProjectConfigurationPlatforms) = postSolution
		{275CF56A-8E60-CF07-0806-5EA3FE703BB7}.Debug|Any CPU.ActiveCfg = Debug|Any CPU
		{275CF56A-8E60-CF07-0806-5EA3FE703BB7}.Debug|Any CPU.Build.0 = Debug|Any CPU
		{275CF56A-8E60-CF07-0806-5EA3FE703BB7}.Debug|Any CPU.Deploy.0 = Debug|Any CPU
		{275CF56A-8E60-CF07-0806-5EA3FE703BB7}.Release|Any CPU.ActiveCfg = Release|Any CPU
		{275CF56A-8E60-CF07-0806-5EA3FE703BB7}.Release|Any CPU.Build.0 = Release|Any CPU
		{275CF56A-8E60-CF07-0806-5EA3FE703BB7}.Release|Any CPU.Deploy.0 = Release|Any CPU
		{ADFF5036-57D4-4254-BFDB-1AC763E63338}.Debug|Any CPU.ActiveCfg = Debug|Any CPU
		{ADFF5036-57D4-4254-BFDB-1AC763E63338}.Debug|Any CPU.Build.0 = Debug|Any CPU
		{ADFF5036-57D4-4254-BFDB-1AC763E63338}.Release|Any CPU.ActiveCfg = Release|Any CPU
		{ADFF5036-57D4-4254-BFDB-1AC763E63338}.Release|Any CPU.Build.0 = Release|Any CPU
	EndGlobalSection
	GlobalSection(SolutionProperties) = preSolution
		HideSolutionNode = FALSE
	EndGlobalSection
	GlobalSection(ExtensibilityGlobals) = postSolution
		SolutionGuid = {CA91B097-F98A-4CDD-A0CD-4D1E5F084BD0}
	EndGlobalSection
EndGlobal
